
Microsoft Visual Studio Solution File, Format Version 12.00
# Visual Studio Version 17
VisualStudioVersion = 17.6.33723.286
MinimumVisualStudioVersion = 10.0.40219.1
Project("{FAE04EC0-301F-11D3-BF4B-00C04F79EFBC}") = "PlantData.API", "PlantData.API\PlantData.API.csproj", "{6B020F28-E6FB-439B-B9D8-128B3A7F3DAE}"
EndProject
Global
	GlobalSection(SolutionConfigurationPlatforms) = preSolution
		Debug|Any CPU = Debug|Any CPU
		Release|Any CPU = Release|Any CPU
	EndGlobalSection
	GlobalSection(ProjectConfigurationPlatforms) = postSolution
		{6B020F28-E6FB-439B-B9D8-128B3A7F3DAE}.Debug|Any CPU.ActiveCfg = Debug|Any CPU
		{6B020F28-E6FB-439B-B9D8-128B3A7F3DAE}.Debug|Any CPU.Build.0 = Debug|Any CPU
		{6B020F28-E6FB-439B-B9D8-128B3A7F3DAE}.Release|Any CPU.ActiveCfg = Release|Any CPU
		{6B020F28-E6FB-439B-B9D8-128B3A7F3DAE}.Release|Any CPU.Build.0 = Release|Any CPU
	EndGlobalSection
	GlobalSection(SolutionProperties) = preSolution
		HideSolutionNode = FALSE
	EndGlobalSection
	GlobalSection(ExtensibilityGlobals) = postSolution
		SolutionGuid = {D0FBF482-C3AC-4C92-B655-CDC70E49B9AA}
	EndGlobalSection
EndGlobal
